
Microsoft Visual Studio Solution File, Format Version 12.00
# Visual Studio Express 2012 for Windows Desktop
Project("{FAE04EC0-301F-11D3-BF4B-00C04F79EFBC}") = "SearchingInFile", "SearchingInFile\SearchingInFile.csproj", "{0A0F1088-ED49-489A-80B9-4069A8CBC6FF}"
EndProject
Project("{FAE04EC0-301F-11D3-BF4B-00C04F79EFBC}") = "SearchingInFileTests", "SearchingInFileTests\SearchingInFileTests.csproj", "{21B7C336-1BAD-4E43-9C9D-3531A2860F6C}"
	ProjectSection(ProjectDependencies) = postProject
		{0A0F1088-ED49-489A-80B9-4069A8CBC6FF} = {0A0F1088-ED49-489A-80B9-4069A8CBC6FF}
	EndProjectSection
EndProject
Global
	GlobalSection(SolutionConfigurationPlatforms) = preSolution
		Debug|Any CPU = Debug|Any CPU
		Release|Any CPU = Release|Any CPU
	EndGlobalSection
	GlobalSection(ProjectConfigurationPlatforms) = postSolution
		{0A0F1088-ED49-489A-80B9-4069A8CBC6FF}.Debug|Any CPU.ActiveCfg = Debug|Any CPU
		{0A0F1088-ED49-489A-80B9-4069A8CBC6FF}.Debug|Any CPU.Build.0 = Debug|Any CPU
		{0A0F1088-ED49-489A-80B9-4069A8CBC6FF}.Release|Any CPU.ActiveCfg = Release|Any CPU
		{0A0F1088-ED49-489A-80B9-4069A8CBC6FF}.Release|Any CPU.Build.0 = Release|Any CPU
		{21B7C336-1BAD-4E43-9C9D-3531A2860F6C}.Debug|Any CPU.ActiveCfg = Debug|Any CPU
		{21B7C336-1BAD-4E43-9C9D-3531A2860F6C}.Debug|Any CPU.Build.0 = Debug|Any CPU
		{21B7C336-1BAD-4E43-9C9D-3531A2860F6C}.Release|Any CPU.ActiveCfg = Release|Any CPU
		{21B7C336-1BAD-4E43-9C9D-3531A2860F6C}.Release|Any CPU.Build.0 = Release|Any CPU
	EndGlobalSection
	GlobalSection(SolutionProperties) = preSolution
		HideSolutionNode = FALSE
	EndGlobalSection
EndGlobal
